
Microsoft Visual Studio Solution File, Format Version 12.00
# Visual Studio Version 17
VisualStudioVersion = 17.5.2.0
MinimumVisualStudioVersion = 10.0.40219.1
Project("{FAE04EC0-301F-11D3-BF4B-00C04F79EFBC}") = "Mattock.Core", "Mattock.Core\Mattock.Core.csproj", "{FBE808FB-2A83-4CE4-8BE3-9E4D573FCE6A}"
EndProject
Project("{FAE04EC0-301F-11D3-BF4B-00C04F79EFBC}") = "Mattock.Core.Tests", "Mattock.Core.Tests\Mattock.Core.Tests.csproj", "{73C044D6-85C2-402C-888F-9A394B67151A}"
EndProject
Global
	GlobalSection(SolutionConfigurationPlatforms) = preSolution
		Debug|Any CPU = Debug|Any CPU
		Release|Any CPU = Release|Any CPU
	EndGlobalSection
	GlobalSection(SolutionProperties) = preSolution
		HideSolutionNode = FALSE
	EndGlobalSection
	GlobalSection(ExtensibilityGlobals) = postSolution
		SolutionGuid = {EFD0D454-3AAE-4683-95EF-956F944DB295}
	EndGlobalSection
	GlobalSection(ProjectConfigurationPlatforms) = postSolution
		{FBE808FB-2A83-4CE4-8BE3-9E4D573FCE6A}.Debug|Any CPU.ActiveCfg = Debug|Any CPU
		{FBE808FB-2A83-4CE4-8BE3-9E4D573FCE6A}.Debug|Any CPU.Build.0 = Debug|Any CPU
		{FBE808FB-2A83-4CE4-8BE3-9E4D573FCE6A}.Release|Any CPU.ActiveCfg = Release|Any CPU
		{FBE808FB-2A83-4CE4-8BE3-9E4D573FCE6A}.Release|Any CPU.Build.0 = Release|Any CPU
		{73C044D6-85C2-402C-888F-9A394B67151A}.Debug|Any CPU.ActiveCfg = Debug|Any CPU
		{73C044D6-85C2-402C-888F-9A394B67151A}.Debug|Any CPU.Build.0 = Debug|Any CPU
		{73C044D6-85C2-402C-888F-9A394B67151A}.Release|Any CPU.ActiveCfg = Release|Any CPU
		{73C044D6-85C2-402C-888F-9A394B67151A}.Release|Any CPU.Build.0 = Release|Any CPU
	EndGlobalSection
EndGlobal
